{
  "name": "DEP",
  "lockfileVersion": 3,
  "requires": true,
  "packages": {
    "": {
      "dependencies": {
        "@iconify-json/logos": "^1.2.4"
      },
      "devDependencies": {
        "@iconify-json/carbon": "^1.2.8"
      }
    },
    "node_modules/@iconify-json/carbon": {
      "version": "1.2.8",
      "resolved": "https://registry.npmjs.org/@iconify-json/carbon/-/carbon-1.2.8.tgz",
      "integrity": "sha512-6xh4YiFBz6qoSnB3XMe23WvjTJroDFXB17J1MbiT7nATFe+70+em1acRXr8hgP/gYpwFMHFc4IvjA/IPTPnTzg==",
      "dev": true,
      "dependencies": {
        "@iconify/types": "*"
      }
    },
    "node_modules/@iconify-json/logos": {
      "version": "1.2.4",
      "resolved": "https://registry.npmjs.org/@iconify-json/logos/-/logos-1.2.4.tgz",
      "integrity": "sha512-XC4If5D/hbaZvUkTV8iaZuGlQCyG6CNOlaAaJaGa13V5QMYwYjgtKk3vPP8wz3wtTVNVEVk3LRx1fOJz+YnSMw==",
      "dependencies": {
        "@iconify/types": "*"
      }
    },
    "node_modules/@iconify/types": {
      "version": "2.0.0",
      "resolved": "https://registry.npmjs.org/@iconify/types/-/types-2.0.0.tgz",
      "integrity": "sha512-+wluvCrRhXrhyOmRDJ3q8mux9JkKy5SJ/v8ol2tu4FVjyYvtEzkc/3pK15ET6RKg4b4w4BmTk1+gsCUhf21Ykg=="
    }
  }
}
